NeoBundleLock jedi-vim c6f05cd82c9ade7734f818f7dd36c813de5bc1c3
NeoBundleLock neobundle.vim 1306c131ff0a6cc094b7ff0727350e442b5427f1
NeoBundleLock neocomplete.vim 4be617947f3fcf2d725fab20b0e12f8b46c9e2f3
NeoBundleLock neomru.vim 97540f54fa20b94daf306f0c1f3cce983bbf7a1d
NeoBundleLock unite.vim 7ed231f2dbceb82b3ed81dc5ef999c94c2528586
